
Microsoft Visual Studio Solution File, Format Version 12.00
# Visual Studio Version 17
VisualStudioVersion = 17.5.33424.131
MinimumVisualStudioVersion = 10.0.40219.1
Project("{9A19103F-16F7-4668-BE54-9A1E7A4F7556}") = "csharp_hw", "csharp_hw.csproj", "{7558C202-5F0A-4B2D-AEE1-DE730820FE13}"
EndProject
Project("{2150E333-8FDC-42A3-9474-1A3956D46DE8}") = "sem1", "sem1", "{00EC325F-8087-4F73-8408-2BDC7773664E}"
EndProject
Project("{FAE04EC0-301F-11D3-BF4B-00C04F79EFBC}") = "task2", "sem1\task2\task2.csproj", "{0DE4A597-EB95-4118-BF1B-173D8CC66CB6}"
EndProject
Project("{FAE04EC0-301F-11D3-BF4B-00C04F79EFBC}") = "task4", "sem1\task4\task4.csproj", "{C152AE36-3D98-4828-8048-6FF963DE9D62}"
EndProject
Project("{FAE04EC0-301F-11D3-BF4B-00C04F79EFBC}") = "task6", "sem1\task6\task6.csproj", "{7563D269-2F07-4290-999E-AB117986FA06}"
EndProject
Project("{FAE04EC0-301F-11D3-BF4B-00C04F79EFBC}") = "task7", "sem1\task7\task7.csproj", "{F166568E-4336-493B-873C-6CF9D846FF24}"
EndProject
Project("{FAE04EC0-301F-11D3-BF4B-00C04F79EFBC}") = "task8", "sem1\task8\task8.csproj", "{47986843-1CA4-4FC3-808C-F2A1D7A00010}"
EndProject
Project("{2150E333-8FDC-42A3-9474-1A3956D46DE8}") = "sem2", "sem2", "{53C77141-C56D-48F7-B2C4-05ABA929D068}"
EndProject
Project("{FAE04EC0-301F-11D3-BF4B-00C04F79EFBC}") = "task10", "sem2\task10\task10.csproj", "{97E1433A-297D-4B3C-BE83-6E3038CB1CFF}"
EndProject
Project("{FAE04EC0-301F-11D3-BF4B-00C04F79EFBC}") = "task13", "sem2\task13\task13.csproj", "{8FB226CC-20E9-4495-BD80-680BA46017D5}"
EndProject
Project("{FAE04EC0-301F-11D3-BF4B-00C04F79EFBC}") = "task15", "sem2\task15\task15.csproj", "{C337FA68-AE65-4BA5-811C-7E3ACE4096C9}"
EndProject
Project("{FAE04EC0-301F-11D3-BF4B-00C04F79EFBC}") = "taskFizzBuzz", "sem2\taskFizzBuzz\taskFizzBuzz.csproj", "{9A0C2F96-6A1F-45A3-BC36-E40D7EB7D858}"
EndProject
Project("{FAE04EC0-301F-11D3-BF4B-00C04F79EFBC}") = "taskRobot", "sem2\taskRobot\taskRobot.csproj", "{385B2CDC-6BAA-465E-BA79-EFD660E2D8FC}"
EndProject
Project("{2150E333-8FDC-42A3-9474-1A3956D46DE8}") = "sem3", "sem3", "{5D0080D8-12FB-4CBF-81EF-2FFC8F64C1AB}"
EndProject
Project("{FAE04EC0-301F-11D3-BF4B-00C04F79EFBC}") = "task19", "sem3\task19\task19.csproj", "{5E2AF967-F0BB-4AFE-85CC-9B847C67D51D}"
EndProject
Project("{FAE04EC0-301F-11D3-BF4B-00C04F79EFBC}") = "task19hard", "sem3\task19hard\task19hard.csproj", "{35E7B9BA-F78C-4C42-B123-B9CACAEC723C}"
EndProject
Project("{FAE04EC0-301F-11D3-BF4B-00C04F79EFBC}") = "task21", "sem3\task21\task21.csproj", "{5E0BE3B2-B620-4600-BF02-4625AC3E52E7}"
EndProject
Project("{FAE04EC0-301F-11D3-BF4B-00C04F79EFBC}") = "task21hard", "sem3\task21hard\task21hard.csproj", "{1232F76D-E8B7-4ACF-B94C-43D36FD520AF}"
EndProject
Project("{FAE04EC0-301F-11D3-BF4B-00C04F79EFBC}") = "task23", "sem3\task23\task23.csproj", "{692506D2-4546-4582-8A38-1410AA96191F}"
EndProject
Project("{2150E333-8FDC-42A3-9474-1A3956D46DE8}") = "sem4", "sem4", "{1B5C23DB-9123-41E8-86E0-785BE19DE6A9}"
EndProject
Project("{FAE04EC0-301F-11D3-BF4B-00C04F79EFBC}") = "task25", "sem4\task25\task25.csproj", "{F71E821B-5D12-4769-8FEB-385859D99A1C}"
EndProject
Project("{FAE04EC0-301F-11D3-BF4B-00C04F79EFBC}") = "task27", "sem4\task27\task27.csproj", "{5BE5D495-F763-4BA3-9ECF-E0CC432DC41C}"
EndProject
Project("{FAE04EC0-301F-11D3-BF4B-00C04F79EFBC}") = "task29", "sem4\task29\task29.csproj", "{D09E33BC-DDC0-4FE7-B946-54B858CAC691}"
EndProject
Project("{2150E333-8FDC-42A3-9474-1A3956D46DE8}") = "sem5", "sem5", "{1E024FCF-65BA-4F70-A980-420CFB124F2C}"
EndProject
Project("{FAE04EC0-301F-11D3-BF4B-00C04F79EFBC}") = "task34", "sem5\task34\task34.csproj", "{7B7B0AB4-693F-48BA-B073-988874B65A1F}"
EndProject
Project("{FAE04EC0-301F-11D3-BF4B-00C04F79EFBC}") = "task36", "sem5\task36\task36.csproj", "{43438460-4611-4EDE-AAC1-BC938D305EFE}"
EndProject
Project("{FAE04EC0-301F-11D3-BF4B-00C04F79EFBC}") = "task38", "sem5\task38\task38.csproj", "{5F4983B5-2DF3-42D5-9EC6-440D6358639E}"
EndProject
Project("{FAE04EC0-301F-11D3-BF4B-00C04F79EFBC}") = "taskHardStat", "sem5\taskHardStat\taskHardStat.csproj", "{61214D95-EA49-4DD9-8BA6-AF8999EFA3DC}"
EndProject
Project("{2150E333-8FDC-42A3-9474-1A3956D46DE8}") = "sem6", "sem6", "{5FDDC617-6726-4280-8414-691D1F1DEFF6}"
EndProject
Project("{FAE04EC0-301F-11D3-BF4B-00C04F79EFBC}") = "task40", "sem6\task40\task40.csproj", "{C90C154E-DB58-484B-AF5F-B539B0716081}"
EndProject
Project("{FAE04EC0-301F-11D3-BF4B-00C04F79EFBC}") = "task41", "sem6\task41\task41.csproj", "{0A75B2F2-A930-4F49-B3D3-307DBAB65D58}"
EndProject
Project("{FAE04EC0-301F-11D3-BF4B-00C04F79EFBC}") = "task43", "sem6\task43\task43.csproj", "{8D5B6784-98C7-4D5B-8D7C-1A5678C8F64E}"
EndProject
Project("{FAE04EC0-301F-11D3-BF4B-00C04F79EFBC}") = "taskNegaFibonacci", "sem6\taskNegaFibonacci\taskNegaFibonacci.csproj", "{FB0499F2-2B8D-430F-8608-9F8F441DA3C2}"
EndProject
Project("{2150E333-8FDC-42A3-9474-1A3956D46DE8}") = "sem8", "sem8", "{C7D50A54-08B8-407E-840B-A5A91611926A}"
EndProject
Project("{FAE04EC0-301F-11D3-BF4B-00C04F79EFBC}") = "task54", "sem8\task54\task54.csproj", "{CB411C44-6421-42AF-9BC1-0ACB0B2FE081}"
EndProject
Project("{FAE04EC0-301F-11D3-BF4B-00C04F79EFBC}") = "task58", "sem8\task58\task58.csproj", "{3F4E2E40-E9E0-4BA7-98E4-4A9E85BECB9F}"
EndProject
Project("{FAE04EC0-301F-11D3-BF4B-00C04F79EFBC}") = "task60", "sem8\task60\task60.csproj", "{96A26C44-8ABC-45E5-8274-D89D59CB51A2}"
EndProject
Project("{FAE04EC0-301F-11D3-BF4B-00C04F79EFBC}") = "task62", "sem8\task62\task62.csproj", "{F1D14B18-94F6-4626-B130-B2F3F0E36AF1}"
EndProject
Project("{FAE04EC0-301F-11D3-BF4B-00C04F79EFBC}") = "task56", "sem8\task56\task56.csproj", "{221CEF85-E711-413C-9DF2-5F2265BD8EED}"
Project("{2150E333-8FDC-42A3-9474-1A3956D46DE8}") = "sem7", "sem7", "{4AA3A84D-1A2D-4B9E-A741-B3189AFDE6FB}"
EndProject
Project("{FAE04EC0-301F-11D3-BF4B-00C04F79EFBC}") = "task47", "sem7\task47\task47.csproj", "{38DE8444-00F8-4DE4-9F7E-2806B6DEC2EB}"
EndProject
Project("{FAE04EC0-301F-11D3-BF4B-00C04F79EFBC}") = "task50", "sem7\task50\task50.csproj", "{C8A30660-8C29-493A-8E3E-E688365A2CA8}"
EndProject
Project("{FAE04EC0-301F-11D3-BF4B-00C04F79EFBC}") = "task52", "sem7\task52\task52.csproj", "{F19B67D3-61A7-4230-B79D-F391AD2527A0}"
EndProject
Global
	GlobalSection(SolutionConfigurationPlatforms) = preSolution
		Debug|Any CPU = Debug|Any CPU
		Release|Any CPU = Release|Any CPU
	EndGlobalSection
	GlobalSection(ProjectConfigurationPlatforms) = postSolution
		{7558C202-5F0A-4B2D-AEE1-DE730820FE13}.Debug|Any CPU.ActiveCfg = Debug|Any CPU
		{7558C202-5F0A-4B2D-AEE1-DE730820FE13}.Debug|Any CPU.Build.0 = Debug|Any CPU
		{7558C202-5F0A-4B2D-AEE1-DE730820FE13}.Release|Any CPU.ActiveCfg = Release|Any CPU
		{7558C202-5F0A-4B2D-AEE1-DE730820FE13}.Release|Any CPU.Build.0 = Release|Any CPU
		{0DE4A597-EB95-4118-BF1B-173D8CC66CB6}.Debug|Any CPU.ActiveCfg = Debug|Any CPU
		{0DE4A597-EB95-4118-BF1B-173D8CC66CB6}.Debug|Any CPU.Build.0 = Debug|Any CPU
		{0DE4A597-EB95-4118-BF1B-173D8CC66CB6}.Release|Any CPU.ActiveCfg = Release|Any CPU
		{0DE4A597-EB95-4118-BF1B-173D8CC66CB6}.Release|Any CPU.Build.0 = Release|Any CPU
		{C152AE36-3D98-4828-8048-6FF963DE9D62}.Debug|Any CPU.ActiveCfg = Debug|Any CPU
		{C152AE36-3D98-4828-8048-6FF963DE9D62}.Debug|Any CPU.Build.0 = Debug|Any CPU
		{C152AE36-3D98-4828-8048-6FF963DE9D62}.Release|Any CPU.ActiveCfg = Release|Any CPU
		{C152AE36-3D98-4828-8048-6FF963DE9D62}.Release|Any CPU.Build.0 = Release|Any CPU
		{7563D269-2F07-4290-999E-AB117986FA06}.Debug|Any CPU.ActiveCfg = Debug|Any CPU
		{7563D269-2F07-4290-999E-AB117986FA06}.Debug|Any CPU.Build.0 = Debug|Any CPU
		{7563D269-2F07-4290-999E-AB117986FA06}.Release|Any CPU.ActiveCfg = Release|Any CPU
		{7563D269-2F07-4290-999E-AB117986FA06}.Release|Any CPU.Build.0 = Release|Any CPU
		{F166568E-4336-493B-873C-6CF9D846FF24}.Debug|Any CPU.ActiveCfg = Debug|Any CPU
		{F166568E-4336-493B-873C-6CF9D846FF24}.Debug|Any CPU.Build.0 = Debug|Any CPU
		{F166568E-4336-493B-873C-6CF9D846FF24}.Release|Any CPU.ActiveCfg = Release|Any CPU
		{F166568E-4336-493B-873C-6CF9D846FF24}.Release|Any CPU.Build.0 = Release|Any CPU
		{47986843-1CA4-4FC3-808C-F2A1D7A00010}.Debug|Any CPU.ActiveCfg = Debug|Any CPU
		{47986843-1CA4-4FC3-808C-F2A1D7A00010}.Debug|Any CPU.Build.0 = Debug|Any CPU
		{47986843-1CA4-4FC3-808C-F2A1D7A00010}.Release|Any CPU.ActiveCfg = Release|Any CPU
		{47986843-1CA4-4FC3-808C-F2A1D7A00010}.Release|Any CPU.Build.0 = Release|Any CPU
		{97E1433A-297D-4B3C-BE83-6E3038CB1CFF}.Debug|Any CPU.ActiveCfg = Debug|Any CPU
		{97E1433A-297D-4B3C-BE83-6E3038CB1CFF}.Debug|Any CPU.Build.0 = Debug|Any CPU
		{97E1433A-297D-4B3C-BE83-6E3038CB1CFF}.Release|Any CPU.ActiveCfg = Release|Any CPU
		{97E1433A-297D-4B3C-BE83-6E3038CB1CFF}.Release|Any CPU.Build.0 = Release|Any CPU
		{8FB226CC-20E9-4495-BD80-680BA46017D5}.Debug|Any CPU.ActiveCfg = Debug|Any CPU
		{8FB226CC-20E9-4495-BD80-680BA46017D5}.Debug|Any CPU.Build.0 = Debug|Any CPU
		{8FB226CC-20E9-4495-BD80-680BA46017D5}.Release|Any CPU.ActiveCfg = Release|Any CPU
		{8FB226CC-20E9-4495-BD80-680BA46017D5}.Release|Any CPU.Build.0 = Release|Any CPU
		{C337FA68-AE65-4BA5-811C-7E3ACE4096C9}.Debug|Any CPU.ActiveCfg = Debug|Any CPU
		{C337FA68-AE65-4BA5-811C-7E3ACE4096C9}.Debug|Any CPU.Build.0 = Debug|Any CPU
		{C337FA68-AE65-4BA5-811C-7E3ACE4096C9}.Release|Any CPU.ActiveCfg = Release|Any CPU
		{C337FA68-AE65-4BA5-811C-7E3ACE4096C9}.Release|Any CPU.Build.0 = Release|Any CPU
		{9A0C2F96-6A1F-45A3-BC36-E40D7EB7D858}.Debug|Any CPU.ActiveCfg = Debug|Any CPU
		{9A0C2F96-6A1F-45A3-BC36-E40D7EB7D858}.Debug|Any CPU.Build.0 = Debug|Any CPU
		{9A0C2F96-6A1F-45A3-BC36-E40D7EB7D858}.Release|Any CPU.ActiveCfg = Release|Any CPU
		{9A0C2F96-6A1F-45A3-BC36-E40D7EB7D858}.Release|Any CPU.Build.0 = Release|Any CPU
		{385B2CDC-6BAA-465E-BA79-EFD660E2D8FC}.Debug|Any CPU.ActiveCfg = Debug|Any CPU
		{385B2CDC-6BAA-465E-BA79-EFD660E2D8FC}.Debug|Any CPU.Build.0 = Debug|Any CPU
		{385B2CDC-6BAA-465E-BA79-EFD660E2D8FC}.Release|Any CPU.ActiveCfg = Release|Any CPU
		{385B2CDC-6BAA-465E-BA79-EFD660E2D8FC}.Release|Any CPU.Build.0 = Release|Any CPU
		{5E2AF967-F0BB-4AFE-85CC-9B847C67D51D}.Debug|Any CPU.ActiveCfg = Debug|Any CPU
		{5E2AF967-F0BB-4AFE-85CC-9B847C67D51D}.Debug|Any CPU.Build.0 = Debug|Any CPU
		{5E2AF967-F0BB-4AFE-85CC-9B847C67D51D}.Release|Any CPU.ActiveCfg = Release|Any CPU
		{5E2AF967-F0BB-4AFE-85CC-9B847C67D51D}.Release|Any CPU.Build.0 = Release|Any CPU
		{35E7B9BA-F78C-4C42-B123-B9CACAEC723C}.Debug|Any CPU.ActiveCfg = Debug|Any CPU
		{35E7B9BA-F78C-4C42-B123-B9CACAEC723C}.Debug|Any CPU.Build.0 = Debug|Any CPU
		{35E7B9BA-F78C-4C42-B123-B9CACAEC723C}.Release|Any CPU.ActiveCfg = Release|Any CPU
		{35E7B9BA-F78C-4C42-B123-B9CACAEC723C}.Release|Any CPU.Build.0 = Release|Any CPU
		{5E0BE3B2-B620-4600-BF02-4625AC3E52E7}.Debug|Any CPU.ActiveCfg = Debug|Any CPU
		{5E0BE3B2-B620-4600-BF02-4625AC3E52E7}.Debug|Any CPU.Build.0 = Debug|Any CPU
		{5E0BE3B2-B620-4600-BF02-4625AC3E52E7}.Release|Any CPU.ActiveCfg = Release|Any CPU
		{5E0BE3B2-B620-4600-BF02-4625AC3E52E7}.Release|Any CPU.Build.0 = Release|Any CPU
		{1232F76D-E8B7-4ACF-B94C-43D36FD520AF}.Debug|Any CPU.ActiveCfg = Debug|Any CPU
		{1232F76D-E8B7-4ACF-B94C-43D36FD520AF}.Debug|Any CPU.Build.0 = Debug|Any CPU
		{1232F76D-E8B7-4ACF-B94C-43D36FD520AF}.Release|Any CPU.ActiveCfg = Release|Any CPU
		{1232F76D-E8B7-4ACF-B94C-43D36FD520AF}.Release|Any CPU.Build.0 = Release|Any CPU
		{692506D2-4546-4582-8A38-1410AA96191F}.Debug|Any CPU.ActiveCfg = Debug|Any CPU
		{692506D2-4546-4582-8A38-1410AA96191F}.Debug|Any CPU.Build.0 = Debug|Any CPU
		{692506D2-4546-4582-8A38-1410AA96191F}.Release|Any CPU.ActiveCfg = Release|Any CPU
		{692506D2-4546-4582-8A38-1410AA96191F}.Release|Any CPU.Build.0 = Release|Any CPU
		{F71E821B-5D12-4769-8FEB-385859D99A1C}.Debug|Any CPU.ActiveCfg = Debug|Any CPU
		{F71E821B-5D12-4769-8FEB-385859D99A1C}.Debug|Any CPU.Build.0 = Debug|Any CPU
		{F71E821B-5D12-4769-8FEB-385859D99A1C}.Release|Any CPU.ActiveCfg = Release|Any CPU
		{F71E821B-5D12-4769-8FEB-385859D99A1C}.Release|Any CPU.Build.0 = Release|Any CPU
		{5BE5D495-F763-4BA3-9ECF-E0CC432DC41C}.Debug|Any CPU.ActiveCfg = Debug|Any CPU
		{5BE5D495-F763-4BA3-9ECF-E0CC432DC41C}.Debug|Any CPU.Build.0 = Debug|Any CPU
		{5BE5D495-F763-4BA3-9ECF-E0CC432DC41C}.Release|Any CPU.ActiveCfg = Release|Any CPU
		{5BE5D495-F763-4BA3-9ECF-E0CC432DC41C}.Release|Any CPU.Build.0 = Release|Any CPU
		{D09E33BC-DDC0-4FE7-B946-54B858CAC691}.Debug|Any CPU.ActiveCfg = Debug|Any CPU
		{D09E33BC-DDC0-4FE7-B946-54B858CAC691}.Debug|Any CPU.Build.0 = Debug|Any CPU
		{D09E33BC-DDC0-4FE7-B946-54B858CAC691}.Release|Any CPU.ActiveCfg = Release|Any CPU
		{D09E33BC-DDC0-4FE7-B946-54B858CAC691}.Release|Any CPU.Build.0 = Release|Any CPU
		{7B7B0AB4-693F-48BA-B073-988874B65A1F}.Debug|Any CPU.ActiveCfg = Debug|Any CPU
		{7B7B0AB4-693F-48BA-B073-988874B65A1F}.Debug|Any CPU.Build.0 = Debug|Any CPU
		{7B7B0AB4-693F-48BA-B073-988874B65A1F}.Release|Any CPU.ActiveCfg = Release|Any CPU
		{7B7B0AB4-693F-48BA-B073-988874B65A1F}.Release|Any CPU.Build.0 = Release|Any CPU
		{43438460-4611-4EDE-AAC1-BC938D305EFE}.Debug|Any CPU.ActiveCfg = Debug|Any CPU
		{43438460-4611-4EDE-AAC1-BC938D305EFE}.Debug|Any CPU.Build.0 = Debug|Any CPU
		{43438460-4611-4EDE-AAC1-BC938D305EFE}.Release|Any CPU.ActiveCfg = Release|Any CPU
		{43438460-4611-4EDE-AAC1-BC938D305EFE}.Release|Any CPU.Build.0 = Release|Any CPU
		{5F4983B5-2DF3-42D5-9EC6-440D6358639E}.Debug|Any CPU.ActiveCfg = Debug|Any CPU
		{5F4983B5-2DF3-42D5-9EC6-440D6358639E}.Debug|Any CPU.Build.0 = Debug|Any CPU
		{5F4983B5-2DF3-42D5-9EC6-440D6358639E}.Release|Any CPU.ActiveCfg = Release|Any CPU
		{5F4983B5-2DF3-42D5-9EC6-440D6358639E}.Release|Any CPU.Build.0 = Release|Any CPU
		{61214D95-EA49-4DD9-8BA6-AF8999EFA3DC}.Debug|Any CPU.ActiveCfg = Debug|Any CPU
		{61214D95-EA49-4DD9-8BA6-AF8999EFA3DC}.Debug|Any CPU.Build.0 = Debug|Any CPU
		{61214D95-EA49-4DD9-8BA6-AF8999EFA3DC}.Release|Any CPU.ActiveCfg = Release|Any CPU
		{61214D95-EA49-4DD9-8BA6-AF8999EFA3DC}.Release|Any CPU.Build.0 = Release|Any CPU
		{C90C154E-DB58-484B-AF5F-B539B0716081}.Debug|Any CPU.ActiveCfg = Debug|Any CPU
		{C90C154E-DB58-484B-AF5F-B539B0716081}.Debug|Any CPU.Build.0 = Debug|Any CPU
		{C90C154E-DB58-484B-AF5F-B539B0716081}.Release|Any CPU.ActiveCfg = Release|Any CPU
		{C90C154E-DB58-484B-AF5F-B539B0716081}.Release|Any CPU.Build.0 = Release|Any CPU
		{0A75B2F2-A930-4F49-B3D3-307DBAB65D58}.Debug|Any CPU.ActiveCfg = Debug|Any CPU
		{0A75B2F2-A930-4F49-B3D3-307DBAB65D58}.Debug|Any CPU.Build.0 = Debug|Any CPU
		{0A75B2F2-A930-4F49-B3D3-307DBAB65D58}.Release|Any CPU.ActiveCfg = Release|Any CPU
		{0A75B2F2-A930-4F49-B3D3-307DBAB65D58}.Release|Any CPU.Build.0 = Release|Any CPU
		{8D5B6784-98C7-4D5B-8D7C-1A5678C8F64E}.Debug|Any CPU.ActiveCfg = Debug|Any CPU
		{8D5B6784-98C7-4D5B-8D7C-1A5678C8F64E}.Debug|Any CPU.Build.0 = Debug|Any CPU
		{8D5B6784-98C7-4D5B-8D7C-1A5678C8F64E}.Release|Any CPU.ActiveCfg = Release|Any CPU
		{8D5B6784-98C7-4D5B-8D7C-1A5678C8F64E}.Release|Any CPU.Build.0 = Release|Any CPU
		{FB0499F2-2B8D-430F-8608-9F8F441DA3C2}.Debug|Any CPU.ActiveCfg = Debug|Any CPU
		{FB0499F2-2B8D-430F-8608-9F8F441DA3C2}.Debug|Any CPU.Build.0 = Debug|Any CPU
		{FB0499F2-2B8D-430F-8608-9F8F441DA3C2}.Release|Any CPU.ActiveCfg = Release|Any CPU
		{FB0499F2-2B8D-430F-8608-9F8F441DA3C2}.Release|Any CPU.Build.0 = Release|Any CPU
		{CB411C44-6421-42AF-9BC1-0ACB0B2FE081}.Debug|Any CPU.ActiveCfg = Debug|Any CPU
		{CB411C44-6421-42AF-9BC1-0ACB0B2FE081}.Debug|Any CPU.Build.0 = Debug|Any CPU
		{CB411C44-6421-42AF-9BC1-0ACB0B2FE081}.Release|Any CPU.ActiveCfg = Release|Any CPU
		{CB411C44-6421-42AF-9BC1-0ACB0B2FE081}.Release|Any CPU.Build.0 = Release|Any CPU
		{3F4E2E40-E9E0-4BA7-98E4-4A9E85BECB9F}.Debug|Any CPU.ActiveCfg = Debug|Any CPU
		{3F4E2E40-E9E0-4BA7-98E4-4A9E85BECB9F}.Debug|Any CPU.Build.0 = Debug|Any CPU
		{3F4E2E40-E9E0-4BA7-98E4-4A9E85BECB9F}.Release|Any CPU.ActiveCfg = Release|Any CPU
		{3F4E2E40-E9E0-4BA7-98E4-4A9E85BECB9F}.Release|Any CPU.Build.0 = Release|Any CPU
		{96A26C44-8ABC-45E5-8274-D89D59CB51A2}.Debug|Any CPU.ActiveCfg = Debug|Any CPU
		{96A26C44-8ABC-45E5-8274-D89D59CB51A2}.Debug|Any CPU.Build.0 = Debug|Any CPU
		{96A26C44-8ABC-45E5-8274-D89D59CB51A2}.Release|Any CPU.ActiveCfg = Release|Any CPU
		{96A26C44-8ABC-45E5-8274-D89D59CB51A2}.Release|Any CPU.Build.0 = Release|Any CPU
		{F1D14B18-94F6-4626-B130-B2F3F0E36AF1}.Debug|Any CPU.ActiveCfg = Debug|Any CPU
		{F1D14B18-94F6-4626-B130-B2F3F0E36AF1}.Debug|Any CPU.Build.0 = Debug|Any CPU
		{F1D14B18-94F6-4626-B130-B2F3F0E36AF1}.Release|Any CPU.ActiveCfg = Release|Any CPU
		{F1D14B18-94F6-4626-B130-B2F3F0E36AF1}.Release|Any CPU.Build.0 = Release|Any CPU
		{221CEF85-E711-413C-9DF2-5F2265BD8EED}.Debug|Any CPU.ActiveCfg = Debug|Any CPU
		{221CEF85-E711-413C-9DF2-5F2265BD8EED}.Debug|Any CPU.Build.0 = Debug|Any CPU
		{221CEF85-E711-413C-9DF2-5F2265BD8EED}.Release|Any CPU.ActiveCfg = Release|Any CPU
		{221CEF85-E711-413C-9DF2-5F2265BD8EED}.Release|Any CPU.Build.0 = Release|Any CPU
		{38DE8444-00F8-4DE4-9F7E-2806B6DEC2EB}.Debug|Any CPU.ActiveCfg = Debug|Any CPU
		{38DE8444-00F8-4DE4-9F7E-2806B6DEC2EB}.Debug|Any CPU.Build.0 = Debug|Any CPU
		{38DE8444-00F8-4DE4-9F7E-2806B6DEC2EB}.Release|Any CPU.ActiveCfg = Release|Any CPU
		{38DE8444-00F8-4DE4-9F7E-2806B6DEC2EB}.Release|Any CPU.Build.0 = Release|Any CPU
		{C8A30660-8C29-493A-8E3E-E688365A2CA8}.Debug|Any CPU.ActiveCfg = Debug|Any CPU
		{C8A30660-8C29-493A-8E3E-E688365A2CA8}.Debug|Any CPU.Build.0 = Debug|Any CPU
		{C8A30660-8C29-493A-8E3E-E688365A2CA8}.Release|Any CPU.ActiveCfg = Release|Any CPU
		{C8A30660-8C29-493A-8E3E-E688365A2CA8}.Release|Any CPU.Build.0 = Release|Any CPU
		{F19B67D3-61A7-4230-B79D-F391AD2527A0}.Debug|Any CPU.ActiveCfg = Debug|Any CPU
		{F19B67D3-61A7-4230-B79D-F391AD2527A0}.Debug|Any CPU.Build.0 = Debug|Any CPU
		{F19B67D3-61A7-4230-B79D-F391AD2527A0}.Release|Any CPU.ActiveCfg = Release|Any CPU
		{F19B67D3-61A7-4230-B79D-F391AD2527A0}.Release|Any CPU.Build.0 = Release|Any CPU
	EndGlobalSection
	GlobalSection(SolutionProperties) = preSolution
		HideSolutionNode = FALSE
	EndGlobalSection
	GlobalSection(ExtensibilityGlobals) = postSolution
		SolutionGuid = {F7DB79E5-41A8-465D-B578-5663DE54ACCC}
	EndGlobalSection
	GlobalSection(NestedProjects) = preSolution
		{0DE4A597-EB95-4118-BF1B-173D8CC66CB6} = {00EC325F-8087-4F73-8408-2BDC7773664E}
		{C152AE36-3D98-4828-8048-6FF963DE9D62} = {00EC325F-8087-4F73-8408-2BDC7773664E}
		{7563D269-2F07-4290-999E-AB117986FA06} = {00EC325F-8087-4F73-8408-2BDC7773664E}
		{F166568E-4336-493B-873C-6CF9D846FF24} = {00EC325F-8087-4F73-8408-2BDC7773664E}
		{47986843-1CA4-4FC3-808C-F2A1D7A00010} = {00EC325F-8087-4F73-8408-2BDC7773664E}
		{97E1433A-297D-4B3C-BE83-6E3038CB1CFF} = {53C77141-C56D-48F7-B2C4-05ABA929D068}
		{8FB226CC-20E9-4495-BD80-680BA46017D5} = {53C77141-C56D-48F7-B2C4-05ABA929D068}
		{C337FA68-AE65-4BA5-811C-7E3ACE4096C9} = {53C77141-C56D-48F7-B2C4-05ABA929D068}
		{9A0C2F96-6A1F-45A3-BC36-E40D7EB7D858} = {53C77141-C56D-48F7-B2C4-05ABA929D068}
		{385B2CDC-6BAA-465E-BA79-EFD660E2D8FC} = {53C77141-C56D-48F7-B2C4-05ABA929D068}
		{5E2AF967-F0BB-4AFE-85CC-9B847C67D51D} = {5D0080D8-12FB-4CBF-81EF-2FFC8F64C1AB}
		{35E7B9BA-F78C-4C42-B123-B9CACAEC723C} = {5D0080D8-12FB-4CBF-81EF-2FFC8F64C1AB}
		{5E0BE3B2-B620-4600-BF02-4625AC3E52E7} = {5D0080D8-12FB-4CBF-81EF-2FFC8F64C1AB}
		{1232F76D-E8B7-4ACF-B94C-43D36FD520AF} = {5D0080D8-12FB-4CBF-81EF-2FFC8F64C1AB}
		{692506D2-4546-4582-8A38-1410AA96191F} = {5D0080D8-12FB-4CBF-81EF-2FFC8F64C1AB}
		{F71E821B-5D12-4769-8FEB-385859D99A1C} = {1B5C23DB-9123-41E8-86E0-785BE19DE6A9}
		{5BE5D495-F763-4BA3-9ECF-E0CC432DC41C} = {1B5C23DB-9123-41E8-86E0-785BE19DE6A9}
		{D09E33BC-DDC0-4FE7-B946-54B858CAC691} = {1B5C23DB-9123-41E8-86E0-785BE19DE6A9}
		{7B7B0AB4-693F-48BA-B073-988874B65A1F} = {1E024FCF-65BA-4F70-A980-420CFB124F2C}
		{43438460-4611-4EDE-AAC1-BC938D305EFE} = {1E024FCF-65BA-4F70-A980-420CFB124F2C}
		{5F4983B5-2DF3-42D5-9EC6-440D6358639E} = {1E024FCF-65BA-4F70-A980-420CFB124F2C}
		{61214D95-EA49-4DD9-8BA6-AF8999EFA3DC} = {1E024FCF-65BA-4F70-A980-420CFB124F2C}
		{C90C154E-DB58-484B-AF5F-B539B0716081} = {5FDDC617-6726-4280-8414-691D1F1DEFF6}
		{0A75B2F2-A930-4F49-B3D3-307DBAB65D58} = {5FDDC617-6726-4280-8414-691D1F1DEFF6}
		{8D5B6784-98C7-4D5B-8D7C-1A5678C8F64E} = {5FDDC617-6726-4280-8414-691D1F1DEFF6}
		{FB0499F2-2B8D-430F-8608-9F8F441DA3C2} = {5FDDC617-6726-4280-8414-691D1F1DEFF6}
		{CB411C44-6421-42AF-9BC1-0ACB0B2FE081} = {C7D50A54-08B8-407E-840B-A5A91611926A}
		{3F4E2E40-E9E0-4BA7-98E4-4A9E85BECB9F} = {C7D50A54-08B8-407E-840B-A5A91611926A}
		{96A26C44-8ABC-45E5-8274-D89D59CB51A2} = {C7D50A54-08B8-407E-840B-A5A91611926A}
		{F1D14B18-94F6-4626-B130-B2F3F0E36AF1} = {C7D50A54-08B8-407E-840B-A5A91611926A}
		{221CEF85-E711-413C-9DF2-5F2265BD8EED} = {C7D50A54-08B8-407E-840B-A5A91611926A}
		{38DE8444-00F8-4DE4-9F7E-2806B6DEC2EB} = {4AA3A84D-1A2D-4B9E-A741-B3189AFDE6FB}
		{C8A30660-8C29-493A-8E3E-E688365A2CA8} = {4AA3A84D-1A2D-4B9E-A741-B3189AFDE6FB}
		{F19B67D3-61A7-4230-B79D-F391AD2527A0} = {4AA3A84D-1A2D-4B9E-A741-B3189AFDE6FB}
	EndGlobalSection
EndGlobal
