
Microsoft Visual Studio Solution File, Format Version 12.00
# Visual Studio Version 17
VisualStudioVersion = 17.5.33424.131
MinimumVisualStudioVersion = 10.0.40219.1
Project("{FAE04EC0-301F-11D3-BF4B-00C04F79EFBC}") = "csharp_hw", "csharp_hw.csproj", "{7558C202-5F0A-4B2D-AEE1-DE730820FE13}"
EndProject
Project("{2150E333-8FDC-42A3-9474-1A3956D46DE8}") = "sem1", "sem1", "{AF77F9B7-9F8D-4454-B26E-87FB85FAE259}"
EndProject
Project("{FAE04EC0-301F-11D3-BF4B-00C04F79EFBC}") = "task4", "sem1\task4\task4.csproj", "{27C1C7D0-A28D-4C8E-BEBD-2A1D6D73F4F3}"
EndProject
Project("{FAE04EC0-301F-11D3-BF4B-00C04F79EFBC}") = "task2", "sem1\task2\task2.csproj", "{E21C6E23-44D7-4EDC-8A9B-A4A37DC0ADB8}"
EndProject
Project("{FAE04EC0-301F-11D3-BF4B-00C04F79EFBC}") = "task6", "sem1\task6\task6.csproj", "{15CA3213-401D-4CCD-AC50-683B84DC59FF}"
EndProject
Project("{FAE04EC0-301F-11D3-BF4B-00C04F79EFBC}") = "task8", "sem1\task8\task8.csproj", "{728B4886-3971-4AF6-9CBC-61EA6AB80298}"
EndProject
Project("{FAE04EC0-301F-11D3-BF4B-00C04F79EFBC}") = "task7", "sem1\task7\task7.csproj", "{65282571-352D-42E8-9BD7-5784AC308BC2}"
EndProject
Project("{2150E333-8FDC-42A3-9474-1A3956D46DE8}") = "sem3", "sem3", "{0FBFBBE7-F3EA-4C6D-A89A-4F85C2BB90F5}"
EndProject
Project("{FAE04EC0-301F-11D3-BF4B-00C04F79EFBC}") = "task19", "sem3\task19\task19.csproj", "{D124D9FA-1057-44CC-9EE5-B15F566B255B}"
EndProject
Project("{FAE04EC0-301F-11D3-BF4B-00C04F79EFBC}") = "task21", "sem3\task21\task21.csproj", "{094399EB-1B80-479C-824B-CAB9D9AF0862}"
EndProject
Project("{FAE04EC0-301F-11D3-BF4B-00C04F79EFBC}") = "task23", "sem3\task23\task23.csproj", "{791EC42F-B206-4EAA-B9F4-41B9A8BB76A5}"
EndProject
Project("{FAE04EC0-301F-11D3-BF4B-00C04F79EFBC}") = "task19hard", "sem3\task19hard\task19hard.csproj", "{26642D06-901C-4C1F-BDB9-866C613E170A}"
EndProject
Project("{FAE04EC0-301F-11D3-BF4B-00C04F79EFBC}") = "task21hard", "sem3\task21hard\task21hard.csproj", "{DDF8B3C2-8B7E-4A04-BF67-3192EACA2645}"
EndProject
Project("{2150E333-8FDC-42A3-9474-1A3956D46DE8}") = "sem5", "sem5", "{AC50E72A-FE77-45D0-B451-83E489489081}"
EndProject
Project("{FAE04EC0-301F-11D3-BF4B-00C04F79EFBC}") = "task34", "sem5\task34\task34.csproj", "{54361EF6-EBFA-4214-9E13-33B8210BC7AC}"
EndProject
Project("{FAE04EC0-301F-11D3-BF4B-00C04F79EFBC}") = "task36", "sem5\task36\task36.csproj", "{5F6C53E8-28B9-43D3-BFD0-1A7AAFAC8277}"
EndProject
Project("{FAE04EC0-301F-11D3-BF4B-00C04F79EFBC}") = "task38", "sem5\task38\task38.csproj", "{940CB19B-2C8D-4BA8-9928-8478400B50EE}"
EndProject
Project("{FAE04EC0-301F-11D3-BF4B-00C04F79EFBC}") = "taskHardStat", "sem5\taskHardStat\taskHardStat.csproj", "{8828D33E-7AC1-4094-81DB-ABD885ADFA60}"
EndProject
Global
	GlobalSection(SolutionConfigurationPlatforms) = preSolution
		Debug|Any CPU = Debug|Any CPU
		Release|Any CPU = Release|Any CPU
	EndGlobalSection
	GlobalSection(ProjectConfigurationPlatforms) = postSolution
		{7558C202-5F0A-4B2D-AEE1-DE730820FE13}.Debug|Any CPU.ActiveCfg = Debug|Any CPU
		{7558C202-5F0A-4B2D-AEE1-DE730820FE13}.Debug|Any CPU.Build.0 = Debug|Any CPU
		{7558C202-5F0A-4B2D-AEE1-DE730820FE13}.Release|Any CPU.ActiveCfg = Release|Any CPU
		{7558C202-5F0A-4B2D-AEE1-DE730820FE13}.Release|Any CPU.Build.0 = Release|Any CPU
		{27C1C7D0-A28D-4C8E-BEBD-2A1D6D73F4F3}.Debug|Any CPU.ActiveCfg = Debug|Any CPU
		{27C1C7D0-A28D-4C8E-BEBD-2A1D6D73F4F3}.Debug|Any CPU.Build.0 = Debug|Any CPU
		{27C1C7D0-A28D-4C8E-BEBD-2A1D6D73F4F3}.Release|Any CPU.ActiveCfg = Release|Any CPU
		{27C1C7D0-A28D-4C8E-BEBD-2A1D6D73F4F3}.Release|Any CPU.Build.0 = Release|Any CPU
		{E21C6E23-44D7-4EDC-8A9B-A4A37DC0ADB8}.Debug|Any CPU.ActiveCfg = Debug|Any CPU
		{E21C6E23-44D7-4EDC-8A9B-A4A37DC0ADB8}.Debug|Any CPU.Build.0 = Debug|Any CPU
		{E21C6E23-44D7-4EDC-8A9B-A4A37DC0ADB8}.Release|Any CPU.ActiveCfg = Release|Any CPU
		{E21C6E23-44D7-4EDC-8A9B-A4A37DC0ADB8}.Release|Any CPU.Build.0 = Release|Any CPU
		{15CA3213-401D-4CCD-AC50-683B84DC59FF}.Debug|Any CPU.ActiveCfg = Debug|Any CPU
		{15CA3213-401D-4CCD-AC50-683B84DC59FF}.Debug|Any CPU.Build.0 = Debug|Any CPU
		{15CA3213-401D-4CCD-AC50-683B84DC59FF}.Release|Any CPU.ActiveCfg = Release|Any CPU
		{15CA3213-401D-4CCD-AC50-683B84DC59FF}.Release|Any CPU.Build.0 = Release|Any CPU
		{728B4886-3971-4AF6-9CBC-61EA6AB80298}.Debug|Any CPU.ActiveCfg = Debug|Any CPU
		{728B4886-3971-4AF6-9CBC-61EA6AB80298}.Debug|Any CPU.Build.0 = Debug|Any CPU
		{728B4886-3971-4AF6-9CBC-61EA6AB80298}.Release|Any CPU.ActiveCfg = Release|Any CPU
		{728B4886-3971-4AF6-9CBC-61EA6AB80298}.Release|Any CPU.Build.0 = Release|Any CPU
		{65282571-352D-42E8-9BD7-5784AC308BC2}.Debug|Any CPU.ActiveCfg = Debug|Any CPU
		{65282571-352D-42E8-9BD7-5784AC308BC2}.Debug|Any CPU.Build.0 = Debug|Any CPU
		{65282571-352D-42E8-9BD7-5784AC308BC2}.Release|Any CPU.ActiveCfg = Release|Any CPU
		{65282571-352D-42E8-9BD7-5784AC308BC2}.Release|Any CPU.Build.0 = Release|Any CPU
		{D124D9FA-1057-44CC-9EE5-B15F566B255B}.Debug|Any CPU.ActiveCfg = Debug|Any CPU
		{D124D9FA-1057-44CC-9EE5-B15F566B255B}.Debug|Any CPU.Build.0 = Debug|Any CPU
		{D124D9FA-1057-44CC-9EE5-B15F566B255B}.Release|Any CPU.ActiveCfg = Release|Any CPU
		{D124D9FA-1057-44CC-9EE5-B15F566B255B}.Release|Any CPU.Build.0 = Release|Any CPU
		{094399EB-1B80-479C-824B-CAB9D9AF0862}.Debug|Any CPU.ActiveCfg = Debug|Any CPU
		{094399EB-1B80-479C-824B-CAB9D9AF0862}.Debug|Any CPU.Build.0 = Debug|Any CPU
		{094399EB-1B80-479C-824B-CAB9D9AF0862}.Release|Any CPU.ActiveCfg = Release|Any CPU
		{094399EB-1B80-479C-824B-CAB9D9AF0862}.Release|Any CPU.Build.0 = Release|Any CPU
		{791EC42F-B206-4EAA-B9F4-41B9A8BB76A5}.Debug|Any CPU.ActiveCfg = Debug|Any CPU
		{791EC42F-B206-4EAA-B9F4-41B9A8BB76A5}.Debug|Any CPU.Build.0 = Debug|Any CPU
		{791EC42F-B206-4EAA-B9F4-41B9A8BB76A5}.Release|Any CPU.ActiveCfg = Release|Any CPU
		{791EC42F-B206-4EAA-B9F4-41B9A8BB76A5}.Release|Any CPU.Build.0 = Release|Any CPU
		{26642D06-901C-4C1F-BDB9-866C613E170A}.Debug|Any CPU.ActiveCfg = Debug|Any CPU
		{26642D06-901C-4C1F-BDB9-866C613E170A}.Debug|Any CPU.Build.0 = Debug|Any CPU
		{26642D06-901C-4C1F-BDB9-866C613E170A}.Release|Any CPU.ActiveCfg = Release|Any CPU
		{26642D06-901C-4C1F-BDB9-866C613E170A}.Release|Any CPU.Build.0 = Release|Any CPU
		{DDF8B3C2-8B7E-4A04-BF67-3192EACA2645}.Debug|Any CPU.ActiveCfg = Debug|Any CPU
		{DDF8B3C2-8B7E-4A04-BF67-3192EACA2645}.Debug|Any CPU.Build.0 = Debug|Any CPU
		{DDF8B3C2-8B7E-4A04-BF67-3192EACA2645}.Release|Any CPU.ActiveCfg = Release|Any CPU
		{DDF8B3C2-8B7E-4A04-BF67-3192EACA2645}.Release|Any CPU.Build.0 = Release|Any CPU
		{54361EF6-EBFA-4214-9E13-33B8210BC7AC}.Debug|Any CPU.ActiveCfg = Debug|Any CPU
		{54361EF6-EBFA-4214-9E13-33B8210BC7AC}.Debug|Any CPU.Build.0 = Debug|Any CPU
		{54361EF6-EBFA-4214-9E13-33B8210BC7AC}.Release|Any CPU.ActiveCfg = Release|Any CPU
		{54361EF6-EBFA-4214-9E13-33B8210BC7AC}.Release|Any CPU.Build.0 = Release|Any CPU
		{5F6C53E8-28B9-43D3-BFD0-1A7AAFAC8277}.Debug|Any CPU.ActiveCfg = Debug|Any CPU
		{5F6C53E8-28B9-43D3-BFD0-1A7AAFAC8277}.Debug|Any CPU.Build.0 = Debug|Any CPU
		{5F6C53E8-28B9-43D3-BFD0-1A7AAFAC8277}.Release|Any CPU.ActiveCfg = Release|Any CPU
		{5F6C53E8-28B9-43D3-BFD0-1A7AAFAC8277}.Release|Any CPU.Build.0 = Release|Any CPU
		{940CB19B-2C8D-4BA8-9928-8478400B50EE}.Debug|Any CPU.ActiveCfg = Debug|Any CPU
		{940CB19B-2C8D-4BA8-9928-8478400B50EE}.Debug|Any CPU.Build.0 = Debug|Any CPU
		{940CB19B-2C8D-4BA8-9928-8478400B50EE}.Release|Any CPU.ActiveCfg = Release|Any CPU
		{940CB19B-2C8D-4BA8-9928-8478400B50EE}.Release|Any CPU.Build.0 = Release|Any CPU
		{8828D33E-7AC1-4094-81DB-ABD885ADFA60}.Debug|Any CPU.ActiveCfg = Debug|Any CPU
		{8828D33E-7AC1-4094-81DB-ABD885ADFA60}.Debug|Any CPU.Build.0 = Debug|Any CPU
		{8828D33E-7AC1-4094-81DB-ABD885ADFA60}.Release|Any CPU.ActiveCfg = Release|Any CPU
		{8828D33E-7AC1-4094-81DB-ABD885ADFA60}.Release|Any CPU.Build.0 = Release|Any CPU
	EndGlobalSection
	GlobalSection(SolutionProperties) = preSolution
		HideSolutionNode = FALSE
	EndGlobalSection
	GlobalSection(ExtensibilityGlobals) = postSolution
		SolutionGuid = {4F7ACF9E-86B2-4101-A009-D6222EB1A3B5}
	EndGlobalSection
	GlobalSection(NestedProjects) = preSolution
		{27C1C7D0-A28D-4C8E-BEBD-2A1D6D73F4F3} = {AF77F9B7-9F8D-4454-B26E-87FB85FAE259}
		{E21C6E23-44D7-4EDC-8A9B-A4A37DC0ADB8} = {AF77F9B7-9F8D-4454-B26E-87FB85FAE259}
		{15CA3213-401D-4CCD-AC50-683B84DC59FF} = {AF77F9B7-9F8D-4454-B26E-87FB85FAE259}
		{728B4886-3971-4AF6-9CBC-61EA6AB80298} = {AF77F9B7-9F8D-4454-B26E-87FB85FAE259}
		{65282571-352D-42E8-9BD7-5784AC308BC2} = {AF77F9B7-9F8D-4454-B26E-87FB85FAE259}
		{D124D9FA-1057-44CC-9EE5-B15F566B255B} = {0FBFBBE7-F3EA-4C6D-A89A-4F85C2BB90F5}
		{094399EB-1B80-479C-824B-CAB9D9AF0862} = {0FBFBBE7-F3EA-4C6D-A89A-4F85C2BB90F5}
		{791EC42F-B206-4EAA-B9F4-41B9A8BB76A5} = {0FBFBBE7-F3EA-4C6D-A89A-4F85C2BB90F5}
		{26642D06-901C-4C1F-BDB9-866C613E170A} = {0FBFBBE7-F3EA-4C6D-A89A-4F85C2BB90F5}
		{DDF8B3C2-8B7E-4A04-BF67-3192EACA2645} = {0FBFBBE7-F3EA-4C6D-A89A-4F85C2BB90F5}
		{54361EF6-EBFA-4214-9E13-33B8210BC7AC} = {AC50E72A-FE77-45D0-B451-83E489489081}
		{5F6C53E8-28B9-43D3-BFD0-1A7AAFAC8277} = {AC50E72A-FE77-45D0-B451-83E489489081}
		{940CB19B-2C8D-4BA8-9928-8478400B50EE} = {AC50E72A-FE77-45D0-B451-83E489489081}
		{8828D33E-7AC1-4094-81DB-ABD885ADFA60} = {AC50E72A-FE77-45D0-B451-83E489489081}
	EndGlobalSection
EndGlobal
